
Microsoft Visual Studio Solution File, Format Version 12.00
# Visual Studio 2012
Project("{FAE04EC0-301F-11D3-BF4B-00C04F79EFBC}") = "MyClassLibrary", "MyClassLibrary\MyClassLibrary.csproj", "{7A6182B7-8D0F-44ED-A3B4-492C144D1F84}"
EndProject
Project("{2150E333-8FDC-42A3-9474-1A3956D46DE8}") = "UIClients", "UIClients", "{A28148EF-B1A8-43C0-B27C-7167D9A3EB1B}"
EndProject
Project("{FAE04EC0-301F-11D3-BF4B-00C04F79EFBC}") = "ConsoleClient", "ConsoleClient\ConsoleClient.csproj", "{7264E78D-FA4D-401E-B80D-0BBCD35685D7}"
EndProject
Project("{FAE04EC0-301F-11D3-BF4B-00C04F79EFBC}") = "WinFormsClient", "WinFormsClient\WinFormsClient.csproj", "{6827822B-B011-4256-B9F9-BFC86312D42A}"
EndProject
Project("{FAE04EC0-301F-11D3-BF4B-00C04F79EFBC}") = "WebClient", "WebClient\WebClient.csproj", "{367CB0EC-8490-4605-95D0-BBBB6273B6D7}"
EndProject
Project("{2150E333-8FDC-42A3-9474-1A3956D46DE8}") = "MyConsoleApplication", "MyConsoleApplication", "{3C78D06B-BEB3-4277-8EF7-5F6EEC197C4D}"
EndProject
Project("{FAE04EC0-301F-11D3-BF4B-00C04F79EFBC}") = "ConsoleApplication1", "ConsoleApplication1\ConsoleApplication1.csproj", "{6013D9D3-5DEE-4E4C-9635-D9FEB1254AC1}"
EndProject
Project("{2150E333-8FDC-42A3-9474-1A3956D46DE8}") = "Tests", "Tests", "{D2AECDCA-30D4-4482-9241-F497B534A978}"
EndProject
Project("{FAE04EC0-301F-11D3-BF4B-00C04F79EFBC}") = "Test_MyClassLibrary", "Test_MyClassLibrary\Test_MyClassLibrary.csproj", "{72679979-D2EB-4B31-950F-5E17B87939F3}"
EndProject
Global
	GlobalSection(SolutionConfigurationPlatforms) = preSolution
		Debug|Any CPU = Debug|Any CPU
		Release|Any CPU = Release|Any CPU
	EndGlobalSection
	GlobalSection(ProjectConfigurationPlatforms) = postSolution
		{7A6182B7-8D0F-44ED-A3B4-492C144D1F84}.Debug|Any CPU.ActiveCfg = Debug|Any CPU
		{7A6182B7-8D0F-44ED-A3B4-492C144D1F84}.Debug|Any CPU.Build.0 = Debug|Any CPU
		{7A6182B7-8D0F-44ED-A3B4-492C144D1F84}.Release|Any CPU.ActiveCfg = Release|Any CPU
		{7A6182B7-8D0F-44ED-A3B4-492C144D1F84}.Release|Any CPU.Build.0 = Release|Any CPU
		{7264E78D-FA4D-401E-B80D-0BBCD35685D7}.Debug|Any CPU.ActiveCfg = Debug|Any CPU
		{7264E78D-FA4D-401E-B80D-0BBCD35685D7}.Debug|Any CPU.Build.0 = Debug|Any CPU
		{7264E78D-FA4D-401E-B80D-0BBCD35685D7}.Release|Any CPU.ActiveCfg = Release|Any CPU
		{7264E78D-FA4D-401E-B80D-0BBCD35685D7}.Release|Any CPU.Build.0 = Release|Any CPU
		{6827822B-B011-4256-B9F9-BFC86312D42A}.Debug|Any CPU.ActiveCfg = Debug|Any CPU
		{6827822B-B011-4256-B9F9-BFC86312D42A}.Debug|Any CPU.Build.0 = Debug|Any CPU
		{6827822B-B011-4256-B9F9-BFC86312D42A}.Release|Any CPU.ActiveCfg = Release|Any CPU
		{6827822B-B011-4256-B9F9-BFC86312D42A}.Release|Any CPU.Build.0 = Release|Any CPU
		{367CB0EC-8490-4605-95D0-BBBB6273B6D7}.Debug|Any CPU.ActiveCfg = Debug|Any CPU
		{367CB0EC-8490-4605-95D0-BBBB6273B6D7}.Debug|Any CPU.Build.0 = Debug|Any CPU
		{367CB0EC-8490-4605-95D0-BBBB6273B6D7}.Release|Any CPU.ActiveCfg = Release|Any CPU
		{367CB0EC-8490-4605-95D0-BBBB6273B6D7}.Release|Any CPU.Build.0 = Release|Any CPU
		{6013D9D3-5DEE-4E4C-9635-D9FEB1254AC1}.Debug|Any CPU.ActiveCfg = Debug|Any CPU
		{6013D9D3-5DEE-4E4C-9635-D9FEB1254AC1}.Debug|Any CPU.Build.0 = Debug|Any CPU
		{6013D9D3-5DEE-4E4C-9635-D9FEB1254AC1}.Release|Any CPU.ActiveCfg = Release|Any CPU
		{6013D9D3-5DEE-4E4C-9635-D9FEB1254AC1}.Release|Any CPU.Build.0 = Release|Any CPU
		{72679979-D2EB-4B31-950F-5E17B87939F3}.Debug|Any CPU.ActiveCfg = Debug|Any CPU
		{72679979-D2EB-4B31-950F-5E17B87939F3}.Debug|Any CPU.Build.0 = Debug|Any CPU
		{72679979-D2EB-4B31-950F-5E17B87939F3}.Release|Any CPU.ActiveCfg = Release|Any CPU
		{72679979-D2EB-4B31-950F-5E17B87939F3}.Release|Any CPU.Build.0 = Release|Any CPU
	EndGlobalSection
	GlobalSection(SolutionProperties) = preSolution
		HideSolutionNode = FALSE
	EndGlobalSection
	GlobalSection(NestedProjects) = preSolution
		{7264E78D-FA4D-401E-B80D-0BBCD35685D7} = {A28148EF-B1A8-43C0-B27C-7167D9A3EB1B}
		{6827822B-B011-4256-B9F9-BFC86312D42A} = {A28148EF-B1A8-43C0-B27C-7167D9A3EB1B}
		{367CB0EC-8490-4605-95D0-BBBB6273B6D7} = {A28148EF-B1A8-43C0-B27C-7167D9A3EB1B}
		{6013D9D3-5DEE-4E4C-9635-D9FEB1254AC1} = {3C78D06B-BEB3-4277-8EF7-5F6EEC197C4D}
		{72679979-D2EB-4B31-950F-5E17B87939F3} = {D2AECDCA-30D4-4482-9241-F497B534A978}
	EndGlobalSection
EndGlobal
